
Microsoft Visual Studio Solution File, Format Version 12.00
# Visual Studio Version 17
VisualStudioVersion = 17.0.32014.148
MinimumVisualStudioVersion = 10.0.40219.1
Project("{2150E333-8FDC-42A3-9474-1A3956D46DE8}") = "Services", "Services", "{5792A337-9249-4AD1-92D7-54AEC1AC03F7}"
EndProject
Project("{2150E333-8FDC-42A3-9474-1A3956D46DE8}") = "Catalog", "Catalog", "{A4CF2FD5-F2BE-419A-AAC6-023ABFAD5B14}"
EndProject
Project("{9A19103F-16F7-4668-BE54-9A1E7A4F7556}") = "Catalog.API", "Services\Catalog\Catalog.API\Catalog.API.csproj", "{D272481A-7C30-4972-905E-DBF02441BBCE}"
EndProject
Project("{E53339B2-1760-4266-BCC7-CA923CBCF16C}") = "docker-compose", "docker-compose.dcproj", "{67688CD7-BBD7-4514-83D4-C4634A15260A}"
EndProject
Project("{2150E333-8FDC-42A3-9474-1A3956D46DE8}") = "Basket", "Basket", "{DFF0A695-9B07-47D7-96CD-473A1BC001BF}"
EndProject
Project("{9A19103F-16F7-4668-BE54-9A1E7A4F7556}") = "Basket.API", "Services\Basket\Basket.API\Basket.API.csproj", "{3CDEC023-7C22-457E-AC2B-8D905902364F}"
EndProject
Project("{2150E333-8FDC-42A3-9474-1A3956D46DE8}") = "Discount", "Discount", "{A1185FC7-7E2E-4966-BDBC-15BEBBE34C34}"
EndProject
Project("{9A19103F-16F7-4668-BE54-9A1E7A4F7556}") = "Discount.API", "Services\Discount\Discount.API\Discount.API.csproj", "{A2FBED32-F83F-48C5-9981-73315AC872BB}"
EndProject
Project("{9A19103F-16F7-4668-BE54-9A1E7A4F7556}") = "Discount.Grpc", "Services\Discount\Discount.Grpc\Discount.Grpc.csproj", "{FA82EA24-BA33-43B6-BA83-F3BD4AEE1570}"
EndProject
Project("{2150E333-8FDC-42A3-9474-1A3956D46DE8}") = "Ordering", "Ordering", "{BB67F682-7184-42D1-A5A4-84E4CE052D73}"
EndProject
Project("{9A19103F-16F7-4668-BE54-9A1E7A4F7556}") = "Ordering.Api", "Services\Ordering\Ordering.Api\Ordering.Api.csproj", "{F8CA2BAC-2F45-44FF-87F4-D8F94A6E343A}"
EndProject
Project("{9A19103F-16F7-4668-BE54-9A1E7A4F7556}") = "Ordering.Domain", "Services\Ordering\Ordering.Domain\Ordering.Domain.csproj", "{C12C4F0B-1DEB-4409-9DDA-B4B1C159B8A1}"
EndProject
Project("{9A19103F-16F7-4668-BE54-9A1E7A4F7556}") = "Ordering.Application", "Services\Ordering\Ordering.Application\Ordering.Application.csproj", "{67E9E6AB-D7A8-404A-BBE8-3C3A99684FD8}"
EndProject
Project("{9A19103F-16F7-4668-BE54-9A1E7A4F7556}") = "Ordering.Infrastructure", "Services\Ordering\Ordering.Infrastructure\Ordering.Infrastructure.csproj", "{BA665B0D-DE07-4631-8FE9-F888898B2B0A}"
EndProject
Project("{2150E333-8FDC-42A3-9474-1A3956D46DE8}") = "BuildingBlocks", "BuildingBlocks", "{B101CE80-3445-4472-B3C7-4287DA200462}"
EndProject
Project("{FAE04EC0-301F-11D3-BF4B-00C04F79EFBC}") = "EventBus.Messages", "BuildingBlocks\EventBus.Messages\EventBus.Messages.csproj", "{68C49932-BFAE-4FAB-A031-639791D92812}"
EndProject
Global
	GlobalSection(SolutionConfigurationPlatforms) = preSolution
		Debug|Any CPU = Debug|Any CPU
		Release|Any CPU = Release|Any CPU
	EndGlobalSection
	GlobalSection(ProjectConfigurationPlatforms) = postSolution
		{D272481A-7C30-4972-905E-DBF02441BBCE}.Debug|Any CPU.ActiveCfg = Debug|Any CPU
		{D272481A-7C30-4972-905E-DBF02441BBCE}.Debug|Any CPU.Build.0 = Debug|Any CPU
		{D272481A-7C30-4972-905E-DBF02441BBCE}.Release|Any CPU.ActiveCfg = Release|Any CPU
		{D272481A-7C30-4972-905E-DBF02441BBCE}.Release|Any CPU.Build.0 = Release|Any CPU
		{67688CD7-BBD7-4514-83D4-C4634A15260A}.Debug|Any CPU.ActiveCfg = Debug|Any CPU
		{67688CD7-BBD7-4514-83D4-C4634A15260A}.Debug|Any CPU.Build.0 = Debug|Any CPU
		{67688CD7-BBD7-4514-83D4-C4634A15260A}.Release|Any CPU.ActiveCfg = Release|Any CPU
		{67688CD7-BBD7-4514-83D4-C4634A15260A}.Release|Any CPU.Build.0 = Release|Any CPU
		{3CDEC023-7C22-457E-AC2B-8D905902364F}.Debug|Any CPU.ActiveCfg = Debug|Any CPU
		{3CDEC023-7C22-457E-AC2B-8D905902364F}.Debug|Any CPU.Build.0 = Debug|Any CPU
		{3CDEC023-7C22-457E-AC2B-8D905902364F}.Release|Any CPU.ActiveCfg = Release|Any CPU
		{3CDEC023-7C22-457E-AC2B-8D905902364F}.Release|Any CPU.Build.0 = Release|Any CPU
		{A2FBED32-F83F-48C5-9981-73315AC872BB}.Debug|Any CPU.ActiveCfg = Debug|Any CPU
		{A2FBED32-F83F-48C5-9981-73315AC872BB}.Debug|Any CPU.Build.0 = Debug|Any CPU
		{A2FBED32-F83F-48C5-9981-73315AC872BB}.Release|Any CPU.ActiveCfg = Release|Any CPU
		{A2FBED32-F83F-48C5-9981-73315AC872BB}.Release|Any CPU.Build.0 = Release|Any CPU
		{FA82EA24-BA33-43B6-BA83-F3BD4AEE1570}.Debug|Any CPU.ActiveCfg = Debug|Any CPU
		{FA82EA24-BA33-43B6-BA83-F3BD4AEE1570}.Debug|Any CPU.Build.0 = Debug|Any CPU
		{FA82EA24-BA33-43B6-BA83-F3BD4AEE1570}.Release|Any CPU.ActiveCfg = Release|Any CPU
		{FA82EA24-BA33-43B6-BA83-F3BD4AEE1570}.Release|Any CPU.Build.0 = Release|Any CPU
		{F8CA2BAC-2F45-44FF-87F4-D8F94A6E343A}.Debug|Any CPU.ActiveCfg = Debug|Any CPU
		{F8CA2BAC-2F45-44FF-87F4-D8F94A6E343A}.Debug|Any CPU.Build.0 = Debug|Any CPU
		{F8CA2BAC-2F45-44FF-87F4-D8F94A6E343A}.Release|Any CPU.ActiveCfg = Release|Any CPU
		{F8CA2BAC-2F45-44FF-87F4-D8F94A6E343A}.Release|Any CPU.Build.0 = Release|Any CPU
		{C12C4F0B-1DEB-4409-9DDA-B4B1C159B8A1}.Debug|Any CPU.ActiveCfg = Debug|Any CPU
		{C12C4F0B-1DEB-4409-9DDA-B4B1C159B8A1}.Debug|Any CPU.Build.0 = Debug|Any CPU
		{C12C4F0B-1DEB-4409-9DDA-B4B1C159B8A1}.Release|Any CPU.ActiveCfg = Release|Any CPU
		{C12C4F0B-1DEB-4409-9DDA-B4B1C159B8A1}.Release|Any CPU.Build.0 = Release|Any CPU
		{67E9E6AB-D7A8-404A-BBE8-3C3A99684FD8}.Debug|Any CPU.ActiveCfg = Debug|Any CPU
		{67E9E6AB-D7A8-404A-BBE8-3C3A99684FD8}.Debug|Any CPU.Build.0 = Debug|Any CPU
		{67E9E6AB-D7A8-404A-BBE8-3C3A99684FD8}.Release|Any CPU.ActiveCfg = Release|Any CPU
		{67E9E6AB-D7A8-404A-BBE8-3C3A99684FD8}.Release|Any CPU.Build.0 = Release|Any CPU
		{BA665B0D-DE07-4631-8FE9-F888898B2B0A}.Debug|Any CPU.ActiveCfg = Debug|Any CPU
		{BA665B0D-DE07-4631-8FE9-F888898B2B0A}.Debug|Any CPU.Build.0 = Debug|Any CPU
		{BA665B0D-DE07-4631-8FE9-F888898B2B0A}.Release|Any CPU.ActiveCfg = Release|Any CPU
		{BA665B0D-DE07-4631-8FE9-F888898B2B0A}.Release|Any CPU.Build.0 = Release|Any CPU
		{68C49932-BFAE-4FAB-A031-639791D92812}.Debug|Any CPU.ActiveCfg = Debug|Any CPU
		{68C49932-BFAE-4FAB-A031-639791D92812}.Debug|Any CPU.Build.0 = Debug|Any CPU
		{68C49932-BFAE-4FAB-A031-639791D92812}.Release|Any CPU.ActiveCfg = Release|Any CPU
		{68C49932-BFAE-4FAB-A031-639791D92812}.Release|Any CPU.Build.0 = Release|Any CPU
	EndGlobalSection
	GlobalSection(SolutionProperties) = preSolution
		HideSolutionNode = FALSE
	EndGlobalSection
	GlobalSection(NestedProjects) = preSolution
		{A4CF2FD5-F2BE-419A-AAC6-023ABFAD5B14} = {5792A337-9249-4AD1-92D7-54AEC1AC03F7}
		{D272481A-7C30-4972-905E-DBF02441BBCE} = {A4CF2FD5-F2BE-419A-AAC6-023ABFAD5B14}
		{DFF0A695-9B07-47D7-96CD-473A1BC001BF} = {5792A337-9249-4AD1-92D7-54AEC1AC03F7}
		{3CDEC023-7C22-457E-AC2B-8D905902364F} = {DFF0A695-9B07-47D7-96CD-473A1BC001BF}
		{A1185FC7-7E2E-4966-BDBC-15BEBBE34C34} = {5792A337-9249-4AD1-92D7-54AEC1AC03F7}
		{A2FBED32-F83F-48C5-9981-73315AC872BB} = {A1185FC7-7E2E-4966-BDBC-15BEBBE34C34}
		{FA82EA24-BA33-43B6-BA83-F3BD4AEE1570} = {A1185FC7-7E2E-4966-BDBC-15BEBBE34C34}
		{BB67F682-7184-42D1-A5A4-84E4CE052D73} = {5792A337-9249-4AD1-92D7-54AEC1AC03F7}
		{F8CA2BAC-2F45-44FF-87F4-D8F94A6E343A} = {BB67F682-7184-42D1-A5A4-84E4CE052D73}
		{C12C4F0B-1DEB-4409-9DDA-B4B1C159B8A1} = {BB67F682-7184-42D1-A5A4-84E4CE052D73}
		{67E9E6AB-D7A8-404A-BBE8-3C3A99684FD8} = {BB67F682-7184-42D1-A5A4-84E4CE052D73}
		{BA665B0D-DE07-4631-8FE9-F888898B2B0A} = {BB67F682-7184-42D1-A5A4-84E4CE052D73}
		{68C49932-BFAE-4FAB-A031-639791D92812} = {B101CE80-3445-4472-B3C7-4287DA200462}
	EndGlobalSection
	GlobalSection(ExtensibilityGlobals) = postSolution
		SolutionGuid = {328B8CE5-CC3D-4987-B369-559B49E7262D}
	EndGlobalSection
EndGlobal
